
Microsoft Visual Studio Solution File, Format Version 12.00
# Visual Studio Version 16
VisualStudioVersion = 25.0.1705.4
MinimumVisualStudioVersion = 10.0.40219.1
Project("{2150E333-8FDC-42A3-9474-1A3956D46DE8}") = "Solution Items", "Solution Items", "{72A2ED1A-F97E-492B-A8D5-F36C09C863EC}"
	ProjectSection(SolutionItems) = preProject
		docker-compose.yml = docker-compose.yml
		Dockerfile = Dockerfile
	EndProjectSection
EndProject
Project("{FAE04EC0-301F-11D3-BF4B-00C04F79EFBC}") = "MCST_Controller", "MCST_Controllers\MCST_Controller.csproj", "{6FC48F2C-6093-4CCC-9276-375A47ADA52E}"
EndProject
Project("{FAE04EC0-301F-11D3-BF4B-00C04F79EFBC}") = "MCST_EventBus", "MCST_EventBus\MCST_EventBus.csproj", "{FE126CA4-361E-4567-AFE0-A532ECB6C758}"
EndProject
Project("{FAE04EC0-301F-11D3-BF4B-00C04F79EFBC}") = "MCST_Inventory", "MCST_Inventory\MCST_Inventory.csproj", "{6258D5F1-A60F-4F7F-89F4-DDA8955C0CBE}"
EndProject
Project("{FAE04EC0-301F-11D3-BF4B-00C04F79EFBC}") = "MCST_Location", "MCST_Location\MCST_Location.csproj", "{0D6C6696-90EC-4B8A-BA89-5EAF1CC2AC34}"
EndProject
Project("{FAE04EC0-301F-11D3-BF4B-00C04F79EFBC}") = "MCST_Computer", "MCST_Computer\MCST_Computer.csproj", "{4BC91A86-447C-4905-AEB9-5C6DA773ADE8}"
EndProject
Project("{FAE04EC0-301F-11D3-BF4B-00C04F79EFBC}") = "MCST_Message", "MCST_Message\MCST_Message.csproj", "{F899089F-5807-4C39-B568-D71E4A2E9E74}"
EndProject
Project("{FAE04EC0-301F-11D3-BF4B-00C04F79EFBC}") = "MCST_Command", "MCST_Command\MCST_Command.csproj", "{25BEF29A-D478-43D6-9292-58E2B7A5A041}"
EndProject
Project("{FAE04EC0-301F-11D3-BF4B-00C04F79EFBC}") = "MCST_ControllerInterfaceLayer", "MCST_ControllerInterfaceLayer\MCST_ControllerInterfaceLayer.csproj", "{BC35B827-9B51-4A59-8432-6BEF3ADF327A}"
EndProject
Project("{FAE04EC0-301F-11D3-BF4B-00C04F79EFBC}") = "MCST_Enums", "MCST_Enums\MCST_Enums.csproj", "{06C06CE7-466D-469B-8A89-8EF12F9CFF94}"
EndProject
Project("{FAE04EC0-301F-11D3-BF4B-00C04F79EFBC}") = "MCST_Notification", "MCST_Notification\MCST_Notification.csproj", "{1DB6D002-5AE1-49E8-95EE-39659A74A8FE}"
EndProject
Project("{FAE04EC0-301F-11D3-BF4B-00C04F79EFBC}") = "MCST_Auth", "MCST_Auth\MCST_Auth.csproj", "{748C3802-C0AF-4DB9-A9EC-0B49B0088815}"
EndProject
Project("{FAE04EC0-301F-11D3-BF4B-00C04F79EFBC}") = "MCST_Models", "MCST_Models\MCST_Models.csproj", "{DC542161-1F3A-4D94-84C3-0B666786B181}"
EndProject
Global
	GlobalSection(SolutionConfigurationPlatforms) = preSolution
		Debug|Any CPU = Debug|Any CPU
		Release|Any CPU = Release|Any CPU
	EndGlobalSection
	GlobalSection(ProjectConfigurationPlatforms) = postSolution
		{6FC48F2C-6093-4CCC-9276-375A47ADA52E}.Debug|Any CPU.ActiveCfg = Debug|Any CPU
		{6FC48F2C-6093-4CCC-9276-375A47ADA52E}.Debug|Any CPU.Build.0 = Debug|Any CPU
		{6FC48F2C-6093-4CCC-9276-375A47ADA52E}.Release|Any CPU.ActiveCfg = Release|Any CPU
		{6FC48F2C-6093-4CCC-9276-375A47ADA52E}.Release|Any CPU.Build.0 = Release|Any CPU
		{FE126CA4-361E-4567-AFE0-A532ECB6C758}.Debug|Any CPU.ActiveCfg = Debug|Any CPU
		{FE126CA4-361E-4567-AFE0-A532ECB6C758}.Debug|Any CPU.Build.0 = Debug|Any CPU
		{FE126CA4-361E-4567-AFE0-A532ECB6C758}.Release|Any CPU.ActiveCfg = Release|Any CPU
		{FE126CA4-361E-4567-AFE0-A532ECB6C758}.Release|Any CPU.Build.0 = Release|Any CPU
		{6258D5F1-A60F-4F7F-89F4-DDA8955C0CBE}.Debug|Any CPU.ActiveCfg = Debug|Any CPU
		{6258D5F1-A60F-4F7F-89F4-DDA8955C0CBE}.Debug|Any CPU.Build.0 = Debug|Any CPU
		{6258D5F1-A60F-4F7F-89F4-DDA8955C0CBE}.Release|Any CPU.ActiveCfg = Release|Any CPU
		{6258D5F1-A60F-4F7F-89F4-DDA8955C0CBE}.Release|Any CPU.Build.0 = Release|Any CPU
		{0D6C6696-90EC-4B8A-BA89-5EAF1CC2AC34}.Debug|Any CPU.ActiveCfg = Debug|Any CPU
		{0D6C6696-90EC-4B8A-BA89-5EAF1CC2AC34}.Debug|Any CPU.Build.0 = Debug|Any CPU
		{0D6C6696-90EC-4B8A-BA89-5EAF1CC2AC34}.Release|Any CPU.ActiveCfg = Release|Any CPU
		{0D6C6696-90EC-4B8A-BA89-5EAF1CC2AC34}.Release|Any CPU.Build.0 = Release|Any CPU
		{4BC91A86-447C-4905-AEB9-5C6DA773ADE8}.Debug|Any CPU.ActiveCfg = Debug|Any CPU
		{4BC91A86-447C-4905-AEB9-5C6DA773ADE8}.Debug|Any CPU.Build.0 = Debug|Any CPU
		{4BC91A86-447C-4905-AEB9-5C6DA773ADE8}.Release|Any CPU.ActiveCfg = Release|Any CPU
		{4BC91A86-447C-4905-AEB9-5C6DA773ADE8}.Release|Any CPU.Build.0 = Release|Any CPU
		{F899089F-5807-4C39-B568-D71E4A2E9E74}.Debug|Any CPU.ActiveCfg = Debug|Any CPU
		{F899089F-5807-4C39-B568-D71E4A2E9E74}.Debug|Any CPU.Build.0 = Debug|Any CPU
		{F899089F-5807-4C39-B568-D71E4A2E9E74}.Release|Any CPU.ActiveCfg = Release|Any CPU
		{F899089F-5807-4C39-B568-D71E4A2E9E74}.Release|Any CPU.Build.0 = Release|Any CPU
		{25BEF29A-D478-43D6-9292-58E2B7A5A041}.Debug|Any CPU.ActiveCfg = Debug|Any CPU
		{25BEF29A-D478-43D6-9292-58E2B7A5A041}.Debug|Any CPU.Build.0 = Debug|Any CPU
		{25BEF29A-D478-43D6-9292-58E2B7A5A041}.Release|Any CPU.ActiveCfg = Release|Any CPU
		{25BEF29A-D478-43D6-9292-58E2B7A5A041}.Release|Any CPU.Build.0 = Release|Any CPU
		{BC35B827-9B51-4A59-8432-6BEF3ADF327A}.Debug|Any CPU.ActiveCfg = Debug|Any CPU
		{BC35B827-9B51-4A59-8432-6BEF3ADF327A}.Debug|Any CPU.Build.0 = Debug|Any CPU
		{BC35B827-9B51-4A59-8432-6BEF3ADF327A}.Release|Any CPU.ActiveCfg = Release|Any CPU
		{BC35B827-9B51-4A59-8432-6BEF3ADF327A}.Release|Any CPU.Build.0 = Release|Any CPU
		{06C06CE7-466D-469B-8A89-8EF12F9CFF94}.Debug|Any CPU.ActiveCfg = Debug|Any CPU
		{06C06CE7-466D-469B-8A89-8EF12F9CFF94}.Debug|Any CPU.Build.0 = Debug|Any CPU
		{06C06CE7-466D-469B-8A89-8EF12F9CFF94}.Release|Any CPU.ActiveCfg = Release|Any CPU
		{06C06CE7-466D-469B-8A89-8EF12F9CFF94}.Release|Any CPU.Build.0 = Release|Any CPU
		{1DB6D002-5AE1-49E8-95EE-39659A74A8FE}.Debug|Any CPU.ActiveCfg = Debug|Any CPU
		{1DB6D002-5AE1-49E8-95EE-39659A74A8FE}.Debug|Any CPU.Build.0 = Debug|Any CPU
		{1DB6D002-5AE1-49E8-95EE-39659A74A8FE}.Release|Any CPU.ActiveCfg = Release|Any CPU
		{1DB6D002-5AE1-49E8-95EE-39659A74A8FE}.Release|Any CPU.Build.0 = Release|Any CPU
		{748C3802-C0AF-4DB9-A9EC-0B49B0088815}.Debug|Any CPU.ActiveCfg = Debug|Any CPU
		{748C3802-C0AF-4DB9-A9EC-0B49B0088815}.Debug|Any CPU.Build.0 = Debug|Any CPU
		{748C3802-C0AF-4DB9-A9EC-0B49B0088815}.Release|Any CPU.ActiveCfg = Release|Any CPU
		{748C3802-C0AF-4DB9-A9EC-0B49B0088815}.Release|Any CPU.Build.0 = Release|Any CPU
		{DC542161-1F3A-4D94-84C3-0B666786B181}.Debug|Any CPU.ActiveCfg = Debug|Any CPU
		{DC542161-1F3A-4D94-84C3-0B666786B181}.Debug|Any CPU.Build.0 = Debug|Any CPU
		{DC542161-1F3A-4D94-84C3-0B666786B181}.Release|Any CPU.ActiveCfg = Release|Any CPU
		{DC542161-1F3A-4D94-84C3-0B666786B181}.Release|Any CPU.Build.0 = Release|Any CPU
	EndGlobalSection
	GlobalSection(SolutionProperties) = preSolution
		HideSolutionNode = FALSE
	EndGlobalSection
	GlobalSection(ExtensibilityGlobals) = postSolution
		SolutionGuid = {541CFB53-04C5-4825-BA23-46B55120AF1E}
	EndGlobalSection
EndGlobal
